
Microsoft Visual Studio Solution File, Format Version 12.00
# Visual Studio 15
Project("{FAE04EC0-301F-11D3-BF4B-00C04F79EFBC}") = "UnderlineiOS.iOS", "UnderlineiOS.iOS\UnderlineiOS.iOS.csproj", "{6A273F22-D22D-4A77-954B-4B582D560FD0}"
EndProject
Project("{FAE04EC0-301F-11D3-BF4B-00C04F79EFBC}") = "UnderlineiOS", "UnderlineiOS\UnderlineiOS.csproj", "{60390627-A300-42F9-BA8D-204258ED2AC8}"
EndProject
Global
	GlobalSection(SolutionConfigurationPlatforms) = preSolution
		Debug|iPhoneSimulator = Debug|iPhoneSimulator
		Release|iPhoneSimulator = Release|iPhoneSimulator
		Debug|iPhone = Debug|iPhone
		Release|iPhone = Release|iPhone
		Debug|Any CPU = Debug|Any CPU
		Release|Any CPU = Release|Any CPU
	EndGlobalSection
	GlobalSection(ProjectConfigurationPlatforms) = postSolution
		{6A273F22-D22D-4A77-954B-4B582D560FD0}.Debug|iPhoneSimulator.ActiveCfg = Debug|iPhoneSimulator
		{6A273F22-D22D-4A77-954B-4B582D560FD0}.Debug|iPhoneSimulator.Build.0 = Debug|iPhoneSimulator
		{6A273F22-D22D-4A77-954B-4B582D560FD0}.Release|iPhoneSimulator.ActiveCfg = Release|iPhoneSimulator
		{6A273F22-D22D-4A77-954B-4B582D560FD0}.Release|iPhoneSimulator.Build.0 = Release|iPhoneSimulator
		{6A273F22-D22D-4A77-954B-4B582D560FD0}.Debug|iPhone.ActiveCfg = Debug|iPhone
		{6A273F22-D22D-4A77-954B-4B582D560FD0}.Debug|iPhone.Build.0 = Debug|iPhone
		{6A273F22-D22D-4A77-954B-4B582D560FD0}.Release|iPhone.ActiveCfg = Release|iPhone
		{6A273F22-D22D-4A77-954B-4B582D560FD0}.Release|iPhone.Build.0 = Release|iPhone
		{6A273F22-D22D-4A77-954B-4B582D560FD0}.Debug|Any CPU.ActiveCfg = Debug|iPhoneSimulator
		{6A273F22-D22D-4A77-954B-4B582D560FD0}.Debug|Any CPU.Build.0 = Debug|iPhoneSimulator
		{6A273F22-D22D-4A77-954B-4B582D560FD0}.Release|Any CPU.ActiveCfg = Release|iPhoneSimulator
		{6A273F22-D22D-4A77-954B-4B582D560FD0}.Release|Any CPU.Build.0 = Release|iPhoneSimulator
		{60390627-A300-42F9-BA8D-204258ED2AC8}.Debug|iPhoneSimulator.ActiveCfg = Debug|Any CPU
		{60390627-A300-42F9-BA8D-204258ED2AC8}.Debug|iPhoneSimulator.Build.0 = Debug|Any CPU
		{60390627-A300-42F9-BA8D-204258ED2AC8}.Release|iPhoneSimulator.ActiveCfg = Release|Any CPU
		{60390627-A300-42F9-BA8D-204258ED2AC8}.Release|iPhoneSimulator.Build.0 = Release|Any CPU
		{60390627-A300-42F9-BA8D-204258ED2AC8}.Debug|iPhone.ActiveCfg = Debug|Any CPU
		{60390627-A300-42F9-BA8D-204258ED2AC8}.Debug|iPhone.Build.0 = Debug|Any CPU
		{60390627-A300-42F9-BA8D-204258ED2AC8}.Release|iPhone.ActiveCfg = Release|Any CPU
		{60390627-A300-42F9-BA8D-204258ED2AC8}.Release|iPhone.Build.0 = Release|Any CPU
		{60390627-A300-42F9-BA8D-204258ED2AC8}.Debug|Any CPU.ActiveCfg = Debug|Any CPU
		{60390627-A300-42F9-BA8D-204258ED2AC8}.Debug|Any CPU.Build.0 = Debug|Any CPU
		{60390627-A300-42F9-BA8D-204258ED2AC8}.Release|Any CPU.ActiveCfg = Release|Any CPU
		{60390627-A300-42F9-BA8D-204258ED2AC8}.Release|Any CPU.Build.0 = Release|Any CPU
	EndGlobalSection
EndGlobal
